
Microsoft Visual Studio Solution File, Format Version 12.00
# Visual Studio Version 16
VisualStudioVersion = 16.0.31729.503
MinimumVisualStudioVersion = 10.0.40219.1
Project("{FAE04EC0-301F-11D3-BF4B-00C04F79EFBC}") = "Books.API", "Books.API.csproj", "{5570E2FB-B5A8-4740-A9D1-A7DA35EFA416}"
EndProject
Project("{FAE04EC0-301F-11D3-BF4B-00C04F79EFBC}") = "Books.Database", "..\Books.Database\Books.Database.csproj", "{7639089B-72FB-480C-A008-E3FFCCDF3200}"
EndProject
Project("{FAE04EC0-301F-11D3-BF4B-00C04F79EFBC}") = "Books.Logic", "..\Books.Logic\Books.Logic.csproj", "{BA03F926-60F8-4BDA-A968-177732D6E4B8}"
EndProject
Global
	GlobalSection(SolutionConfigurationPlatforms) = preSolution
		Debug|Any CPU = Debug|Any CPU
		Release|Any CPU = Release|Any CPU
	EndGlobalSection
	GlobalSection(ProjectConfigurationPlatforms) = postSolution
		{5570E2FB-B5A8-4740-A9D1-A7DA35EFA416}.Debug|Any CPU.ActiveCfg = Debug|Any CPU
		{5570E2FB-B5A8-4740-A9D1-A7DA35EFA416}.Debug|Any CPU.Build.0 = Debug|Any CPU
		{5570E2FB-B5A8-4740-A9D1-A7DA35EFA416}.Release|Any CPU.ActiveCfg = Release|Any CPU
		{5570E2FB-B5A8-4740-A9D1-A7DA35EFA416}.Release|Any CPU.Build.0 = Release|Any CPU
		{7639089B-72FB-480C-A008-E3FFCCDF3200}.Debug|Any CPU.ActiveCfg = Debug|Any CPU
		{7639089B-72FB-480C-A008-E3FFCCDF3200}.Debug|Any CPU.Build.0 = Debug|Any CPU
		{7639089B-72FB-480C-A008-E3FFCCDF3200}.Release|Any CPU.ActiveCfg = Release|Any CPU
		{7639089B-72FB-480C-A008-E3FFCCDF3200}.Release|Any CPU.Build.0 = Release|Any CPU
		{BA03F926-60F8-4BDA-A968-177732D6E4B8}.Debug|Any CPU.ActiveCfg = Debug|Any CPU
		{BA03F926-60F8-4BDA-A968-177732D6E4B8}.Debug|Any CPU.Build.0 = Debug|Any CPU
		{BA03F926-60F8-4BDA-A968-177732D6E4B8}.Release|Any CPU.ActiveCfg = Release|Any CPU
		{BA03F926-60F8-4BDA-A968-177732D6E4B8}.Release|Any CPU.Build.0 = Release|Any CPU
	EndGlobalSection
	GlobalSection(SolutionProperties) = preSolution
		HideSolutionNode = FALSE
	EndGlobalSection
	GlobalSection(ExtensibilityGlobals) = postSolution
		SolutionGuid = {1F19D1E7-FAC7-4A56-803C-B562665A6D20}
	EndGlobalSection
EndGlobal
